
Microsoft Visual Studio Solution File, Format Version 12.00
# Visual Studio Version 16
VisualStudioVersion = 16.0.30413.136
MinimumVisualStudioVersion = 10.0.40219.1
Project("{FAE04EC0-301F-11D3-BF4B-00C04F79EFBC}") = "WpfApp1", "WpfApp1\WpfApp1.csproj", "{2ADBD497-97DB-47A6-B659-74286AD03374}"
EndProject
Global
	GlobalSection(SolutionConfigurationPlatforms) = preSolution
		Debug|Any CPU = Debug|Any CPU
		Release|Any CPU = Release|Any CPU
	EndGlobalSection
	GlobalSection(ProjectConfigurationPlatforms) = postSolution
		{2ADBD497-97DB-47A6-B659-74286AD03374}.Debug|Any CPU.ActiveCfg = Debug|Any CPU
		{2ADBD497-97DB-47A6-B659-74286AD03374}.Debug|Any CPU.Build.0 = Debug|Any CPU
		{2ADBD497-97DB-47A6-B659-74286AD03374}.Release|Any CPU.ActiveCfg = Release|Any CPU
		{2ADBD497-97DB-47A6-B659-74286AD03374}.Release|Any CPU.Build.0 = Release|Any CPU
	EndGlobalSection
	GlobalSection(SolutionProperties) = preSolution
		HideSolutionNode = FALSE
	EndGlobalSection
	GlobalSection(ExtensibilityGlobals) = postSolution
		SolutionGuid = {4B369900-8C38-4CFC-83FC-97214E0BAD4B}
	EndGlobalSection
EndGlobal
